
Microsoft Visual Studio Solution File, Format Version 12.00
# Visual Studio 15
VisualStudioVersion = 15.0.27703.2026
MinimumVisualStudioVersion = 10.0.40219.1
Project("{9A19103F-16F7-4668-BE54-9A1E7A4F7556}") = "WebAPIGateway", "WebAPIGateway\WebAPIGateway.csproj", "{D06DDF5F-50E1-467D-8C4A-7684271D52B7}"
EndProject
Project("{9A19103F-16F7-4668-BE54-9A1E7A4F7556}") = "WebAPIGateway.UnitTests", "WebAPIGateway.Tests\WebAPIGateway.UnitTests.csproj", "{DEAEEF55-9AB7-4494-B45A-D0722BB4D57F}"
EndProject
Project("{FAE04EC0-301F-11D3-BF4B-00C04F79EFBC}") = "WebAPIGateway.IntegrationTests", "WebAPIGateway.IntegrationTests\WebAPIGateway.IntegrationTests.csproj", "{0BEE1232-6589-4A31-81CD-7317A7482DA7}"
EndProject
Global
	GlobalSection(SolutionConfigurationPlatforms) = preSolution
		Debug|Any CPU = Debug|Any CPU
		Release|Any CPU = Release|Any CPU
	EndGlobalSection
	GlobalSection(ProjectConfigurationPlatforms) = postSolution
		{D06DDF5F-50E1-467D-8C4A-7684271D52B7}.Debug|Any CPU.ActiveCfg = Debug|Any CPU
		{D06DDF5F-50E1-467D-8C4A-7684271D52B7}.Debug|Any CPU.Build.0 = Debug|Any CPU
		{D06DDF5F-50E1-467D-8C4A-7684271D52B7}.Release|Any CPU.ActiveCfg = Release|Any CPU
		{D06DDF5F-50E1-467D-8C4A-7684271D52B7}.Release|Any CPU.Build.0 = Release|Any CPU
		{DEAEEF55-9AB7-4494-B45A-D0722BB4D57F}.Debug|Any CPU.ActiveCfg = Debug|Any CPU
		{DEAEEF55-9AB7-4494-B45A-D0722BB4D57F}.Debug|Any CPU.Build.0 = Debug|Any CPU
		{DEAEEF55-9AB7-4494-B45A-D0722BB4D57F}.Release|Any CPU.ActiveCfg = Release|Any CPU
		{DEAEEF55-9AB7-4494-B45A-D0722BB4D57F}.Release|Any CPU.Build.0 = Release|Any CPU
		{0BEE1232-6589-4A31-81CD-7317A7482DA7}.Debug|Any CPU.ActiveCfg = Debug|Any CPU
		{0BEE1232-6589-4A31-81CD-7317A7482DA7}.Debug|Any CPU.Build.0 = Debug|Any CPU
		{0BEE1232-6589-4A31-81CD-7317A7482DA7}.Release|Any CPU.ActiveCfg = Release|Any CPU
		{0BEE1232-6589-4A31-81CD-7317A7482DA7}.Release|Any CPU.Build.0 = Release|Any CPU
	EndGlobalSection
	GlobalSection(SolutionProperties) = preSolution
		HideSolutionNode = FALSE
	EndGlobalSection
	GlobalSection(ExtensibilityGlobals) = postSolution
		SolutionGuid = {E9202066-3E75-4BF9-9638-F243E8E6FA63}
	EndGlobalSection
EndGlobal
